
Microsoft Visual Studio Solution File, Format Version 12.00
# Visual Studio Version 17
VisualStudioVersion = 17.1.32210.238
MinimumVisualStudioVersion = 10.0.40219.1
Project("{FAE04EC0-301F-11D3-BF4B-00C04F79EFBC}") = "Personal_Blog_Api", "Personal_Blog_Api\Personal_Blog_Api.csproj", "{54877CE7-56CC-43D7-8D58-B8281DEB776C}"
EndProject
Global
	GlobalSection(SolutionConfigurationPlatforms) = preSolution
		Debug|Any CPU = Debug|Any CPU
		Release|Any CPU = Release|Any CPU
	EndGlobalSection
	GlobalSection(ProjectConfigurationPlatforms) = postSolution
		{54877CE7-56CC-43D7-8D58-B8281DEB776C}.Debug|Any CPU.ActiveCfg = Debug|Any CPU
		{54877CE7-56CC-43D7-8D58-B8281DEB776C}.Debug|Any CPU.Build.0 = Debug|Any CPU
		{54877CE7-56CC-43D7-8D58-B8281DEB776C}.Release|Any CPU.ActiveCfg = Release|Any CPU
		{54877CE7-56CC-43D7-8D58-B8281DEB776C}.Release|Any CPU.Build.0 = Release|Any CPU
	EndGlobalSection
	GlobalSection(SolutionProperties) = preSolution
		HideSolutionNode = FALSE
	EndGlobalSection
	GlobalSection(ExtensibilityGlobals) = postSolution
		SolutionGuid = {687048EC-4715-469C-96A9-6191EBF2F71E}
	EndGlobalSection
EndGlobal
